# This file is automatically @generated by Wally.
# It is not intended for manual editing.
registry = "test"

[[package]]
name = "evaera/promise"
version = "4.0.0"
dependencies = []

[[package]]
name = "littensy/remo"
version = "1.2.0"
dependencies = [["Promise", "evaera/promise@4.0.0"]]

[[package]]
name = "osyrisrblx/t"
version = "3.0.0"
dependencies = []

[[package]]
name = "richerd/lua"
version = "0.1.0"
dependencies = [["Promise", "evaera/promise@4.0.0"], ["Remo", "littensy/remo@1.2.0"], ["t", "osyrisrblx/t@3.0.0"]]
